
Microsoft Visual Studio Solution File, Format Version 12.00
# Visual Studio Version 17
VisualStudioVersion = 17.10.35122.118
MinimumVisualStudioVersion = 10.0.40219.1
Project("{FAE04EC0-301F-11D3-BF4B-00C04F79EFBC}") = "EmployeeManagement", "EmployeeManagement\EmployeeManagement.csproj", "{FB3F64F8-AE4D-487A-8E07-CE76D8677A9B}"
EndProject
Global
	GlobalSection(SolutionConfigurationPlatforms) = preSolution
		Debug|Any CPU = Debug|Any CPU
		Release|Any CPU = Release|Any CPU
	EndGlobalSection
	GlobalSection(ProjectConfigurationPlatforms) = postSolution
		{FB3F64F8-AE4D-487A-8E07-CE76D8677A9B}.Debug|Any CPU.ActiveCfg = Debug|Any CPU
		{FB3F64F8-AE4D-487A-8E07-CE76D8677A9B}.Debug|Any CPU.Build.0 = Debug|Any CPU
		{FB3F64F8-AE4D-487A-8E07-CE76D8677A9B}.Release|Any CPU.ActiveCfg = Release|Any CPU
		{FB3F64F8-AE4D-487A-8E07-CE76D8677A9B}.Release|Any CPU.Build.0 = Release|Any CPU
	EndGlobalSection
	GlobalSection(SolutionProperties) = preSolution
		HideSolutionNode = FALSE
	EndGlobalSection
	GlobalSection(ExtensibilityGlobals) = postSolution
		SolutionGuid = {0D3EA4A4-D29F-44A2-B6FD-0E9DF813E266}
	EndGlobalSection
EndGlobal
